// !$*UTF8*$!
{
	archiveVersion = 1;
	classes = {
	};
	objectVersion = 56;
	objects = {

/* Begin PBXBuildFile section */
		B07855072C15BD050060A2F4 /* HelloSwiftUIApp.swift in Sources */ = {isa = PBXBuildFile; fileRef = B07855062C15BD050060A2F4 /* HelloSwiftUIApp.swift */; };
		B07855092C15BD050060A2F4 /* ContentView.swift in Sources */ = {isa = PBXBuildFile; fileRef = B07855082C15BD050060A2F4 /* ContentView.swift */; };
		B078550B2C15BD070060A2F4 /* Assets.xcassets in Resources */ = {isa = PBXBuildFile; fileRef = B078550A2C15BD070060A2F4 /* Assets.xcassets */; };
		B078550E2C15BD070060A2F4 /* Preview Assets.xcassets in Resources */ = {isa = PBXBuildFile; fileRef = B078550D2C15BD070060A2F4 /* Preview Assets.xcassets */; };
		B07855182C15BD080060A2F4 /* HelloSwiftUITests.swift in Sources */ = {isa = PBXBuildFile; fileRef = B07855172C15BD080060A2F4 /* HelloSwiftUITests.swift */; };
		B07855222C15BD080060A2F4 /* HelloSwiftUIUITests.swift in Sources */ = {isa = PBXBuildFile; fileRef = B07855212C15BD080060A2F4 /* HelloSwiftUIUITests.swift */; };
		B07855242C15BD080060A2F4 /* HelloSwiftUIUITestsLaunchTests.swift in Sources */ = {isa = PBXBuildFile; fileRef = B07855232C15BD080060A2F4 /* HelloSwiftUIUITestsLaunchTests.swift */; };
/* End PBXBuildFile section */

/* Begin PBXContainerItemProxy section */
		B07855142C15BD080060A2F4 /* PBXContainerItemProxy */ = {
			isa = PBXContainerItemProxy;
			containerPortal = B07854FB2C15BD050060A2F4 /* Project object */;
			proxyType = 1;
			remoteGlobalIDString = B07855022C15BD050060A2F4;
			remoteInfo = HelloSwiftUI;
		};
		B078551E2C15BD080060A2F4 /* PBXContainerItemProxy */ = {
			isa = PBXContainerItemProxy;
			containerPortal = B07854FB2C15BD050060A2F4 /* Project object */;
			proxyType = 1;
			remoteGlobalIDString = B07855022C15BD050060A2F4;
			remoteInfo = HelloSwiftUI;
		};
/* End PBXContainerItemProxy section */

/* Begin PBXFileReference section */
		B07855032C15BD050060A2F4 /* HelloSwiftUI.app */ = {isa = PBXFileReference; explicitFileType = wrapper.application; includeInIndex = 0; path = HelloSwiftUI.app; sourceTree = BUILT_PRODUCTS_DIR; };
		B07855062C15BD050060A2F4 /* HelloSwiftUIApp.swift */ = {isa = PBXFileReference; lastKnownFileType = sourcecode.swift; path = HelloSwiftUIApp.swift; sourceTree = "<group>"; };
		B07855082C15BD050060A2F4 /* ContentView.swift */ = {isa = PBXFileReference; lastKnownFileType = sourcecode.swift; path = ContentView.swift; sourceTree = "<group>"; };
		B078550A2C15BD070060A2F4 /* Assets.xcassets */ = {isa = PBXFileReference; lastKnownFileType = folder.assetcatalog; path = Assets.xcassets; sourceTree = "<group>"; };
		B078550D2C15BD070060A2F4 /* Preview Assets.xcassets */ = {isa = PBXFileReference; lastKnownFileType = folder.assetcatalog; path = "Preview Assets.xcassets"; sourceTree = "<group>"; };
		B07855132C15BD080060A2F4 /* HelloSwiftUITests.xctest */ = {isa = PBXFileReference; explicitFileType = wrapper.cfbundle; includeInIndex = 0; path = HelloSwiftUITests.xctest; sourceTree = BUILT_PRODUCTS_DIR; };
		B07855172C15BD080060A2F4 /* HelloSwiftUITests.swift */ = {isa = PBXFileReference; lastKnownFileType = sourcecode.swift; path = HelloSwiftUITests.swift; sourceTree = "<group>"; };
		B078551D2C15BD080060A2F4 /* HelloSwiftUIUITests.xctest */ = {isa = PBXFileReference; explicitFileType = wrapper.cfbundle; includeInIndex = 0; path = HelloSwiftUIUITests.xctest; sourceTree = BUILT_PRODUCTS_DIR; };
		B07855212C15BD080060A2F4 /* HelloSwiftUIUITests.swift */ = {isa = PBXFileReference; lastKnownFileType = sourcecode.swift; path = HelloSwiftUIUITests.swift; sourceTree = "<group>"; };
		B07855232C15BD080060A2F4 /* HelloSwiftUIUITestsLaunchTests.swift */ = {isa = PBXFileReference; lastKnownFileType = sourcecode.swift; path = HelloSwiftUIUITestsLaunchTests.swift; sourceTree = "<group>"; };
/* End PBXFileReference section */

/* Begin PBXFrameworksBuildPhase section */
		B07855002C15BD050060A2F4 /* Frameworks */ = {
			isa = PBXFrameworksBuildPhase;
			buildActionMask = 2147483647;
			files = (
			);
			runOnlyForDeploymentPostprocessing = 0;
		};
		B07855102C15BD080060A2F4 /* Frameworks */ = {
			isa = PBXFrameworksBuildPhase;
			buildActionMask = 2147483647;
			files = (
			);
			runOnlyForDeploymentPostprocessing = 0;
		};
		B078551A2C15BD080060A2F4 /* Frameworks */ = {
			isa = PBXFrameworksBuildPhase;
			buildActionMask = 2147483647;
			files = (
			);
			runOnlyForDeploymentPostprocessing = 0;
		};
/* End PBXFrameworksBuildPhase section */

/* Begin PBXGroup section */
		B07854FA2C15BD050060A2F4 = {
			isa = PBXGroup;
			children = (
				B07855052C15BD050060A2F4 /* HelloSwiftUI */,
				B07855162C15BD080060A2F4 /* HelloSwiftUITests */,
				B07855202C15BD080060A2F4 /* HelloSwiftUIUITests */,
				B07855042C15BD050060A2F4 /* Products */,
			);
			sourceTree = "<group>";
		};
		B07855042C15BD050060A2F4 /* Products */ = {
			isa = PBXGroup;
			children = (
				B07855032C15BD050060A2F4 /* HelloSwiftUI.app */,
				B07855132C15BD080060A2F4 /* HelloSwiftUITests.xctest */,
				B078551D2C15BD080060A2F4 /* HelloSwiftUIUITests.xctest */,
			);
			name = Products;
			sourceTree = "<group>";
		};
		B07855052C15BD050060A2F4 /* HelloSwiftUI */ = {
			isa = PBXGroup;
			children = (
				B07855062C15BD050060A2F4 /* HelloSwiftUIApp.swift */,
				B07855082C15BD050060A2F4 /* ContentView.swift */,
				B078550A2C15BD070060A2F4 /* Assets.xcassets */,
				B078550C2C15BD070060A2F4 /* Preview Content */,
			);
			path = HelloSwiftUI;
			sourceTree = "<group>";
		};
		B078550C2C15BD070060A2F4 /* Preview Content */ = {
			isa = PBXGroup;
			children = (
				B078550D2C15BD070060A2F4 /* Preview Assets.xcassets */,
			);
			path = "Preview Content";
			sourceTree = "<group>";
		};
		B07855162C15BD080060A2F4 /* HelloSwiftUITests */ = {
			isa = PBXGroup;
			children = (
				B07855172C15BD080060A2F4 /* HelloSwiftUITests.swift */,
			);
			path = HelloSwiftUITests;
			sourceTree = "<group>";
		};
		B07855202C15BD080060A2F4 /* HelloSwiftUIUITests */ = {
			isa = PBXGroup;
			children = (
				B07855212C15BD080060A2F4 /* HelloSwiftUIUITests.swift */,
				B07855232C15BD080060A2F4 /* HelloSwiftUIUITestsLaunchTests.swift */,
			);
			path = HelloSwiftUIUITests;
			sourceTree = "<group>";
		};
/* End PBXGroup section */

/* Begin PBXNativeTarget section */
		B07855022C15BD050060A2F4 /* HelloSwiftUI */ = {
			isa = PBXNativeTarget;
			buildConfigurationList = B07855272C15BD080060A2F4 /* Build configuration list for PBXNativeTarget "HelloSwiftUI" */;
			buildPhases = (
				B07854FF2C15BD050060A2F4 /* Sources */,
				B07855002C15BD050060A2F4 /* Frameworks */,
				B07855012C15BD050060A2F4 /* Resources */,
			);
			buildRules = (
			);
			dependencies = (
			);
			name = HelloSwiftUI;
			productName = HelloSwiftUI;
			productReference = B07855032C15BD050060A2F4 /* HelloSwiftUI.app */;
			productType = "com.apple.product-type.application";
		};
		B07855122C15BD080060A2F4 /* HelloSwiftUITests */ = {
			isa = PBXNativeTarget;
			buildConfigurationList = B078552A2C15BD080060A2F4 /* Build configuration list for PBXNativeTarget "HelloSwiftUITests" */;
			buildPhases = (
				B078550F2C15BD080060A2F4 /* Sources */,
				B07855102C15BD080060A2F4 /* Frameworks */,
				B07855112C15BD080060A2F4 /* Resources */,
			);
			buildRules = (
			);
			dependencies = (
				B07855152C15BD080060A2F4 /* PBXTargetDependency */,
			);
			name = HelloSwiftUITests;
			productName = HelloSwiftUITests;
			productReference = B07855132C15BD080060A2F4 /* HelloSwiftUITests.xctest */;
			productType = "com.apple.product-type.bundle.unit-test";
		};
		B078551C2C15BD080060A2F4 /* HelloSwiftUIUITests */ = {
			isa = PBXNativeTarget;
			buildConfigurationList = B078552D2C15BD080060A2F4 /* Build configuration list for PBXNativeTarget "HelloSwiftUIUITests" */;
			buildPhases = (
				B07855192C15BD080060A2F4 /* Sources */,
				B078551A2C15BD080060A2F4 /* Frameworks */,
				B078551B2C15BD080060A2F4 /* Resources */,
			);
			buildRules = (
			);
			dependencies = (
				B078551F2C15BD080060A2F4 /* PBXTargetDependency */,
			);
			name = HelloSwiftUIUITests;
			productName = HelloSwiftUIUITests;
			productReference = B078551D2C15BD080060A2F4 /* HelloSwiftUIUITests.xctest */;
			productType = "com.apple.product-type.bundle.ui-testing";
		};
/* End PBXNativeTarget section */

/* Begin PBXProject section */
		B07854FB2C15BD050060A2F4 /* Project object */ = {
			isa = PBXProject;
			attributes = {
				BuildIndependentTargetsInParallel = 1;
				LastSwiftUpdateCheck = 1540;
				LastUpgradeCheck = 1540;
				TargetAttributes = {
					B07855022C15BD050060A2F4 = {
						CreatedOnToolsVersion = 15.4;
					};
					B07855122C15BD080060A2F4 = {
						CreatedOnToolsVersion = 15.4;
						TestTargetID = B07855022C15BD050060A2F4;
					};
					B078551C2C15BD080060A2F4 = {
						CreatedOnToolsVersion = 15.4;
						TestTargetID = B07855022C15BD050060A2F4;
					};
				};
			};
			buildConfigurationList = B07854FE2C15BD050060A2F4 /* Build configuration list for PBXProject "HelloSwiftUI" */;
			compatibilityVersion = "Xcode 14.0";
			developmentRegion = en;
			hasScannedForEncodings = 0;
			knownRegions = (
				en,
				Base,
			);
			mainGroup = B07854FA2C15BD050060A2F4;
			productRefGroup = B07855042C15BD050060A2F4 /* Products */;
			projectDirPath = "";
			projectRoot = "";
			targets = (
				B07855022C15BD050060A2F4 /* HelloSwiftUI */,
				B07855122C15BD080060A2F4 /* HelloSwiftUITests */,
				B078551C2C15BD080060A2F4 /* HelloSwiftUIUITests */,
			);
		};
/* End PBXProject section */

/* Begin PBXResourcesBuildPhase section */
		B07855012C15BD050060A2F4 /* Resources */ = {
			isa = PBXResourcesBuildPhase;
			buildActionMask = 2147483647;
			files = (
				B078550E2C15BD070060A2F4 /* Preview Assets.xcassets in Resources */,
				B078550B2C15BD070060A2F4 /* Assets.xcassets in Resources */,
			);
			runOnlyForDeploymentPostprocessing = 0;
		};
		B07855112C15BD080060A2F4 /* Resources */ = {
			isa = PBXResourcesBuildPhase;
			buildActionMask = 2147483647;
			files = (
			);
			runOnlyForDeploymentPostprocessing = 0;
		};
		B078551B2C15BD080060A2F4 /* Resources */ = {
			isa = PBXResourcesBuildPhase;
			buildActionMask = 2147483647;
			files = (
			);
			runOnlyForDeploymentPostprocessing = 0;
		};
/* End PBXResourcesBuildPhase section */

/* Begin PBXSourcesBuildPhase section */
		B07854FF2C15BD050060A2F4 /* Sources */ = {
			isa = PBXSourcesBuildPhase;
			buildActionMask = 2147483647;
			files = (
				B07855092C15BD050060A2F4 /* ContentView.swift in Sources */,
				B07855072C15BD050060A2F4 /* HelloSwiftUIApp.swift in Sources */,
			);
			runOnlyForDeploymentPostprocessing = 0;
		};
		B078550F2C15BD080060A2F4 /* Sources */ = {
			isa = PBXSourcesBuildPhase;
			buildActionMask = 2147483647;
			files = (
				B07855182C15BD080060A2F4 /* HelloSwiftUITests.swift in Sources */,
			);
			runOnlyForDeploymentPostprocessing = 0;
		};
		B07855192C15BD080060A2F4 /* Sources */ = {
			isa = PBXSourcesBuildPhase;
			buildActionMask = 2147483647;
			files = (
				B07855222C15BD080060A2F4 /* HelloSwiftUIUITests.swift in Sources */,
				B07855242C15BD080060A2F4 /* HelloSwiftUIUITestsLaunchTests.swift in Sources */,
			);
			runOnlyForDeploymentPostprocessing = 0;
		};
/* End PBXSourcesBuildPhase section */

/* Begin PBXTargetDependency section */
		B07855152C15BD080060A2F4 /* PBXTargetDependency */ = {
			isa = PBXTargetDependency;
			target = B07855022C15BD050060A2F4 /* HelloSwiftUI */;
			targetProxy = B07855142C15BD080060A2F4 /* PBXContainerItemProxy */;
		};
		B078551F2C15BD080060A2F4 /* PBXTargetDependency */ = {
			isa = PBXTargetDependency;
			target = B07855022C15BD050060A2F4 /* HelloSwiftUI */;
			targetProxy = B078551E2C15BD080060A2F4 /* PBXContainerItemProxy */;
		};
/* End PBXTargetDependency section */

/* Begin XCBuildConfiguration section */
		B07855252C15BD080060A2F4 /* Debug */ = {
			isa = XCBuildConfiguration;
			buildSettings = {
				ALWAYS_SEARCH_USER_PATHS = NO;
				ASSETCATALOG_COMPILER_GENERATE_SWIFT_ASSET_SYMBOL_EXTENSIONS = YES;
				CLANG_ANALYZER_NONNULL = YES;
				CLANG_ANALYZER_NUMBER_OBJECT_CONVERSION = YES_AGGRESSIVE;
				CLANG_CXX_LANGUAGE_STANDARD = "gnu++20";
				CLANG_ENABLE_MODULES = YES;
				CLANG_ENABLE_OBJC_ARC = YES;
				CLANG_ENABLE_OBJC_WEAK = YES;
				CLANG_WARN_BLOCK_CAPTURE_AUTORELEASING = YES;
				CLANG_WARN_BOOL_CONVERSION = YES;
				CLANG_WARN_COMMA = YES;
				CLANG_WARN_CONSTANT_CONVERSION = YES;
				CLANG_WARN_DEPRECATED_OBJC_IMPLEMENTATIONS = YES;
				CLANG_WARN_DIRECT_OBJC_ISA_USAGE = YES_ERROR;
				CLANG_WARN_DOCUMENTATION_COMMENTS = YES;
				CLANG_WARN_EMPTY_BODY = YES;
				CLANG_WARN_ENUM_CONVERSION = YES;
				CLANG_WARN_INFINITE_RECURSION = YES;
				CLANG_WARN_INT_CONVERSION = YES;
				CLANG_WARN_NON_LITERAL_NULL_CONVERSION = YES;
				CLANG_WARN_OBJC_IMPLICIT_RETAIN_SELF = YES;
				CLANG_WARN_OBJC_LITERAL_CONVERSION = YES;
				CLANG_WARN_OBJC_ROOT_CLASS = YES_ERROR;
				CLANG_WARN_QUOTED_INCLUDE_IN_FRAMEWORK_HEADER = YES;
				CLANG_WARN_RANGE_LOOP_ANALYSIS = YES;
				CLANG_WARN_STRICT_PROTOTYPES = YES;
				CLANG_WARN_SUSPICIOUS_MOVE = YES;
				CLANG_WARN_UNGUARDED_AVAILABILITY = YES_AGGRESSIVE;
				CLANG_WARN_UNREACHABLE_CODE = YES;
				CLANG_WARN__DUPLICATE_METHOD_MATCH = YES;
				COPY_PHASE_STRIP = NO;
				DEBUG_INFORMATION_FORMAT = dwarf;
				ENABLE_STRICT_OBJC_MSGSEND = YES;
				ENABLE_TESTABILITY = YES;
				ENABLE_USER_SCRIPT_SANDBOXING = YES;
				GCC_C_LANGUAGE_STANDARD = gnu17;
				GCC_DYNAMIC_NO_PIC = NO;
				GCC_NO_COMMON_BLOCKS = YES;
				GCC_OPTIMIZATION_LEVEL = 0;
				GCC_PREPROCESSOR_DEFINITIONS = (
					"DEBUG=1",
					"$(inherited)",
				);
				GCC_WARN_64_TO_32_BIT_CONVERSION = YES;
				GCC_WARN_ABOUT_RETURN_TYPE = YES_ERROR;
				GCC_WARN_UNDECLARED_SELECTOR = YES;
				GCC_WARN_UNINITIALIZED_AUTOS = YES_AGGRESSIVE;
				GCC_WARN_UNUSED_FUNCTION = YES;
				GCC_WARN_UNUSED_VARIABLE = YES;
				IPHONEOS_DEPLOYMENT_TARGET = 17.5;
				LOCALIZATION_PREFERS_STRING_CATALOGS = YES;
				MTL_ENABLE_DEBUG_INFO = INCLUDE_SOURCE;
				MTL_FAST_MATH = YES;
				ONLY_ACTIVE_ARCH = YES;
				SDKROOT = iphoneos;
				SWIFT_ACTIVE_COMPILATION_CONDITIONS = "DEBUG $(inherited)";
				SWIFT_OPTIMIZATION_LEVEL = "-Onone";
			};
			name = Debug;
		};
		B07855262C15BD080060A2F4 /* Release */ = {
			isa = XCBuildConfiguration;
			buildSettings = {
				ALWAYS_SEARCH_USER_PATHS = NO;
				ASSETCATALOG_COMPILER_GENERATE_SWIFT_ASSET_SYMBOL_EXTENSIONS = YES;
				CLANG_ANALYZER_NONNULL = YES;
				CLANG_ANALYZER_NUMBER_OBJECT_CONVERSION = YES_AGGRESSIVE;
				CLANG_CXX_LANGUAGE_STANDARD = "gnu++20";
				CLANG_ENABLE_MODULES = YES;
				CLANG_ENABLE_OBJC_ARC = YES;
				CLANG_ENABLE_OBJC_WEAK = YES;
				CLANG_WARN_BLOCK_CAPTURE_AUTORELEASING = YES;
				CLANG_WARN_BOOL_CONVERSION = YES;
				CLANG_WARN_COMMA = YES;
				CLANG_WARN_CONSTANT_CONVERSION = YES;
				CLANG_WARN_DEPRECATED_OBJC_IMPLEMENTATIONS = YES;
				CLANG_WARN_DIRECT_OBJC_ISA_USAGE = YES_ERROR;
				CLANG_WARN_DOCUMENTATION_COMMENTS = YES;
				CLANG_WARN_EMPTY_BODY = YES;
				CLANG_WARN_ENUM_CONVERSION = YES;
				CLANG_WARN_INFINITE_RECURSION = YES;
				CLANG_WARN_INT_CONVERSION = YES;
				CLANG_WARN_NON_LITERAL_NULL_CONVERSION = YES;
				CLANG_WARN_OBJC_IMPLICIT_RETAIN_SELF = YES;
				CLANG_WARN_OBJC_LITERAL_CONVERSION = YES;
				CLANG_WARN_OBJC_ROOT_CLASS = YES_ERROR;
				CLANG_WARN_QUOTED_INCLUDE_IN_FRAMEWORK_HEADER = YES;
				CLANG_WARN_RANGE_LOOP_ANALYSIS = YES;
				CLANG_WARN_STRICT_PROTOTYPES = YES;
				CLANG_WARN_SUSPICIOUS_MOVE = YES;
				CLANG_WARN_UNGUARDED_AVAILABILITY = YES_AGGRESSIVE;
				CLANG_WARN_UNREACHABLE_CODE = YES;
				CLANG_WARN__DUPLICATE_METHOD_MATCH = YES;
				COPY_PHASE_STRIP = NO;
				DEBUG_INFORMATION_FORMAT = "dwarf-with-dsym";
				ENABLE_NS_ASSERTIONS = NO;
				ENABLE_STRICT_OBJC_MSGSEND = YES;
				ENABLE_USER_SCRIPT_SANDBOXING = YES;
				GCC_C_LANGUAGE_STANDARD = gnu17;
				GCC_NO_COMMON_BLOCKS = YES;
				GCC_WARN_64_TO_32_BIT_CONVERSION = YES;
				GCC_WARN_ABOUT_RETURN_TYPE = YES_ERROR;
				GCC_WARN_UNDECLARED_SELECTOR = YES;
				GCC_WARN_UNINITIALIZED_AUTOS = YES_AGGRESSIVE;
				GCC_WARN_UNUSED_FUNCTION = YES;
				GCC_WARN_UNUSED_VARIABLE = YES;
				IPHONEOS_DEPLOYMENT_TARGET = 17.5;
				LOCALIZATION_PREFERS_STRING_CATALOGS = YES;
				MTL_ENABLE_DEBUG_INFO = NO;
				MTL_FAST_MATH = YES;
				SDKROOT = iphoneos;
				SWIFT_COMPILATION_MODE = wholemodule;
				VALIDATE_PRODUCT = YES;
			};
			name = Release;
		};
		B07855282C15BD080060A2F4 /* Debug */ = {
			isa = XCBuildConfiguration;
			buildSettings = {
				ASSETCATALOG_COMPILER_APPICON_NAME = AppIcon;
				ASSETCATALOG_COMPILER_GLOBAL_ACCENT_COLOR_NAME = AccentColor;
				CODE_SIGN_STYLE = Automatic;
				CURRENT_PROJECT_VERSION = 1;
				DEVELOPMENT_ASSET_PATHS = "\"HelloSwiftUI/Preview Content\"";
				DEVELOPMENT_TEAM = U7F892VZ2K;
				ENABLE_PREVIEWS = YES;
				GENERATE_INFOPLIST_FILE = YES;
				INFOPLIST_KEY_UIApplicationSceneManifest_Generation = YES;
				INFOPLIST_KEY_UIApplicationSupportsIndirectInputEvents = YES;
				INFOPLIST_KEY_UILaunchScreen_Generation = YES;
				INFOPLIST_KEY_UISupportedInterfaceOrientations_iPad = "UIInterfaceOrientationPortrait UIInterfaceOrientationPortraitUpsideDown UIInterfaceOrientationLandscapeLeft UIInterfaceOrientationLandscapeRight";
				INFOPLIST_KEY_UISupportedInterfaceOrientations_iPhone = "UIInterfaceOrientationPortrait UIInterfaceOrientationLandscapeLeft UIInterfaceOrientationLandscapeRight";
				LD_RUNPATH_SEARCH_PATHS = (
					"$(inherited)",
					"@executable_path/Frameworks",
				);
				MARKETING_VERSION = 1.0;
				PRODUCT_BUNDLE_IDENTIFIER = com.wakimomi.HelloSwiftUI;
				PRODUCT_NAME = "$(TARGET_NAME)";
				SWIFT_EMIT_LOC_STRINGS = YES;
				SWIFT_VERSION = 5.0;
				TARGETED_DEVICE_FAMILY = "1,2";
			};
			name = Debug;
		};
		B07855292C15BD080060A2F4 /* Release */ = {
			isa = XCBuildConfiguration;
			buildSettings = {
				ASSETCATALOG_COMPILER_APPICON_NAME = AppIcon;
				ASSETCATALOG_COMPILER_GLOBAL_ACCENT_COLOR_NAME = AccentColor;
				CODE_SIGN_STYLE = Automatic;
				CURRENT_PROJECT_VERSION = 1;
				DEVELOPMENT_ASSET_PATHS = "\"HelloSwiftUI/Preview Content\"";
				DEVELOPMENT_TEAM = U7F892VZ2K;
				ENABLE_PREVIEWS = YES;
				GENERATE_INFOPLIST_FILE = YES;
				INFOPLIST_KEY_UIApplicationSceneManifest_Generation = YES;
				INFOPLIST_KEY_UIApplicationSupportsIndirectInputEvents = YES;
				INFOPLIST_KEY_UILaunchScreen_Generation = YES;
				INFOPLIST_KEY_UISupportedInterfaceOrientations_iPad = "UIInterfaceOrientationPortrait UIInterfaceOrientationPortraitUpsideDown UIInterfaceOrientationLandscapeLeft UIInterfaceOrientationLandscapeRight";
				INFOPLIST_KEY_UISupportedInterfaceOrientations_iPhone = "UIInterfaceOrientationPortrait UIInterfaceOrientationLandscapeLeft UIInterfaceOrientationLandscapeRight";
				LD_RUNPATH_SEARCH_PATHS = (
					"$(inherited)",
					"@executable_path/Frameworks",
				);
				MARKETING_VERSION = 1.0;
				PRODUCT_BUNDLE_IDENTIFIER = com.wakimomi.HelloSwiftUI;
				PRODUCT_NAME = "$(TARGET_NAME)";
				SWIFT_EMIT_LOC_STRINGS = YES;
				SWIFT_VERSION = 5.0;
				TARGETED_DEVICE_FAMILY = "1,2";
			};
			name = Release;
		};
		B078552B2C15BD080060A2F4 /* Debug */ = {
			isa = XCBuildConfiguration;
			buildSettings = {
				ALWAYS_EMBED_SWIFT_STANDARD_LIBRARIES = YES;
				BUNDLE_LOADER = "$(TEST_HOST)";
				CODE_SIGN_STYLE = Automatic;
				CURRENT_PROJECT_VERSION = 1;
				DEVELOPMENT_TEAM = U7F892VZ2K;
				GENERATE_INFOPLIST_FILE = YES;
				IPHONEOS_DEPLOYMENT_TARGET = 17.5;
				MARKETING_VERSION = 1.0;
				PRODUCT_BUNDLE_IDENTIFIER = com.wakimomi.HelloSwiftUITests;
				PRODUCT_NAME = "$(TARGET_NAME)";
				SWIFT_EMIT_LOC_STRINGS = NO;
				SWIFT_VERSION = 5.0;
				TARGETED_DEVICE_FAMILY = "1,2";
				TEST_HOST = "$(BUILT_PRODUCTS_DIR)/HelloSwiftUI.app/$(BUNDLE_EXECUTABLE_FOLDER_PATH)/HelloSwiftUI";
			};
			name = Debug;
		};
		B078552C2C15BD080060A2F4 /* Release */ = {
			isa = XCBuildConfiguration;
			buildSettings = {
				ALWAYS_EMBED_SWIFT_STANDARD_LIBRARIES = YES;
				BUNDLE_LOADER = "$(TEST_HOST)";
				CODE_SIGN_STYLE = Automatic;
				CURRENT_PROJECT_VERSION = 1;
				DEVELOPMENT_TEAM = U7F892VZ2K;
				GENERATE_INFOPLIST_FILE = YES;
				IPHONEOS_DEPLOYMENT_TARGET = 17.5;
				MARKETING_VERSION = 1.0;
				PRODUCT_BUNDLE_IDENTIFIER = com.wakimomi.HelloSwiftUITests;
				PRODUCT_NAME = "$(TARGET_NAME)";
				SWIFT_EMIT_LOC_STRINGS = NO;
				SWIFT_VERSION = 5.0;
				TARGETED_DEVICE_FAMILY = "1,2";
				TEST_HOST = "$(BUILT_PRODUCTS_DIR)/HelloSwiftUI.app/$(BUNDLE_EXECUTABLE_FOLDER_PATH)/HelloSwiftUI";
			};
			name = Release;
		};
		B078552E2C15BD080060A2F4 /* Debug */ = {
			isa = XCBuildConfiguration;
			buildSettings = {
				ALWAYS_EMBED_SWIFT_STANDARD_LIBRARIES = YES;
				CODE_SIGN_STYLE = Automatic;
				CURRENT_PROJECT_VERSION = 1;
				DEVELOPMENT_TEAM = U7F892VZ2K;
				GENERATE_INFOPLIST_FILE = YES;
				MARKETING_VERSION = 1.0;
				PRODUCT_BUNDLE_IDENTIFIER = com.wakimomi.HelloSwiftUIUITests;
				PRODUCT_NAME = "$(TARGET_NAME)";
				SWIFT_EMIT_LOC_STRINGS = NO;
				SWIFT_VERSION = 5.0;
				TARGETED_DEVICE_FAMILY = "1,2";
				TEST_TARGET_NAME = HelloSwiftUI;
			};
			name = Debug;
		};
		B078552F2C15BD080060A2F4 /* Release */ = {
			isa = XCBuildConfiguration;
			buildSettings = {
				ALWAYS_EMBED_SWIFT_STANDARD_LIBRARIES = YES;
				CODE_SIGN_STYLE = Automatic;
				CURRENT_PROJECT_VERSION = 1;
				DEVELOPMENT_TEAM = U7F892VZ2K;
				GENERATE_INFOPLIST_FILE = YES;
				MARKETING_VERSION = 1.0;
				PRODUCT_BUNDLE_IDENTIFIER = com.wakimomi.HelloSwiftUIUITests;
				PRODUCT_NAME = "$(TARGET_NAME)";
				SWIFT_EMIT_LOC_STRINGS = NO;
				SWIFT_VERSION = 5.0;
				TARGETED_DEVICE_FAMILY = "1,2";
				TEST_TARGET_NAME = HelloSwiftUI;
			};
			name = Release;
		};
/* End XCBuildConfiguration section */

/* Begin XCConfigurationList section */
		B07854FE2C15BD050060A2F4 /* Build configuration list for PBXProject "HelloSwiftUI" */ = {
			isa = XCConfigurationList;
			buildConfigurations = (
				B07855252C15BD080060A2F4 /* Debug */,
				B07855262C15BD080060A2F4 /* Release */,
			);
			defaultConfigurationIsVisible = 0;
			defaultConfigurationName = Release;
		};
		B07855272C15BD080060A2F4 /* Build configuration list for PBXNativeTarget "HelloSwiftUI" */ = {
			isa = XCConfigurationList;
			buildConfigurations = (
				B07855282C15BD080060A2F4 /* Debug */,
				B07855292C15BD080060A2F4 /* Release */,
			);
			defaultConfigurationIsVisible = 0;
			defaultConfigurationName = Release;
		};
		B078552A2C15BD080060A2F4 /* Build configuration list for PBXNativeTarget "HelloSwiftUITests" */ = {
			isa = XCConfigurationList;
			buildConfigurations = (
				B078552B2C15BD080060A2F4 /* Debug */,
				B078552C2C15BD080060A2F4 /* Release */,
			);
			defaultConfigurationIsVisible = 0;
			defaultConfigurationName = Release;
		};
		B078552D2C15BD080060A2F4 /* Build configuration list for PBXNativeTarget "HelloSwiftUIUITests" */ = {
			isa = XCConfigurationList;
			buildConfigurations = (
				B078552E2C15BD080060A2F4 /* Debug */,
				B078552F2C15BD080060A2F4 /* Release */,
			);
			defaultConfigurationIsVisible = 0;
			defaultConfigurationName = Release;
		};
/* End XCConfigurationList section */
	};
	rootObject = B07854FB2C15BD050060A2F4 /* Project object */;
}
